// !$*UTF8*$!
{
	archiveVersion = 1;
	classes = {
	};
	objectVersion = 55;
	objects = {

/* Begin PBXBuildFile section */
		036265A127890E490015303A /* SelectorViewController.swift in Sources */ = {isa = PBXBuildFile; fileRef = 036265A027890E480015303A /* SelectorViewController.swift */; };
		036265A327890E670015303A /* ARKitViewController.swift in Sources */ = {isa = PBXBuildFile; fileRef = 036265A227890E670015303A /* ARKitViewController.swift */; };
		0370DF0C27806CFA00E024DA /* AppDelegate.swift in Sources */ = {isa = PBXBuildFile; fileRef = 0370DF0B27806CFA00E024DA /* AppDelegate.swift */; };
		0370DF0E27806CFA00E024DA /* art.scnassets in Resources */ = {isa = PBXBuildFile; fileRef = 0370DF0D27806CFA00E024DA /* art.scnassets */; };
		0370DF1027806CFA00E024DA /* SceneKitViewController.swift in Sources */ = {isa = PBXBuildFile; fileRef = 0370DF0F27806CFA00E024DA /* SceneKitViewController.swift */; };
		0370DF1527806CFD00E024DA /* Assets.xcassets in Resources */ = {isa = PBXBuildFile; fileRef = 0370DF1427806CFD00E024DA /* Assets.xcassets */; };
		0370DF1827806CFD00E024DA /* LaunchScreen.storyboard in Resources */ = {isa = PBXBuildFile; fileRef = 0370DF1627806CFD00E024DA /* LaunchScreen.storyboard */; };
		0370DF20278229BB00E024DA /* SCNNode+Debug.swift in Sources */ = {isa = PBXBuildFile; fileRef = 0370DF1F278229BB00E024DA /* SCNNode+Debug.swift */; };
		0370DF3127822D5700E024DA /* SCNBoundingVolume+Debug.swift in Sources */ = {isa = PBXBuildFile; fileRef = 0370DF2B27822D5600E024DA /* SCNBoundingVolume+Debug.swift */; };
/* End PBXBuildFile section */

/* Begin PBXFileReference section */
		036265A027890E480015303A /* SelectorViewController.swift */ = {isa = PBXFileReference; lastKnownFileType = sourcecode.swift; path = SelectorViewController.swift; sourceTree = "<group>"; };
		036265A227890E670015303A /* ARKitViewController.swift */ = {isa = PBXFileReference; lastKnownFileType = sourcecode.swift; path = ARKitViewController.swift; sourceTree = "<group>"; };
		0370DF0827806CFA00E024DA /* DebuggingInARKit.app */ = {isa = PBXFileReference; explicitFileType = wrapper.application; includeInIndex = 0; path = DebuggingInARKit.app; sourceTree = BUILT_PRODUCTS_DIR; };
		0370DF0B27806CFA00E024DA /* AppDelegate.swift */ = {isa = PBXFileReference; lastKnownFileType = sourcecode.swift; path = AppDelegate.swift; sourceTree = "<group>"; };
		0370DF0D27806CFA00E024DA /* art.scnassets */ = {isa = PBXFileReference; lastKnownFileType = wrapper.scnassets; path = art.scnassets; sourceTree = "<group>"; };
		0370DF0F27806CFA00E024DA /* SceneKitViewController.swift */ = {isa = PBXFileReference; lastKnownFileType = sourcecode.swift; path = SceneKitViewController.swift; sourceTree = "<group>"; };
		0370DF1427806CFD00E024DA /* Assets.xcassets */ = {isa = PBXFileReference; lastKnownFileType = folder.assetcatalog; path = Assets.xcassets; sourceTree = "<group>"; };
		0370DF1727806CFD00E024DA /* Base */ = {isa = PBXFileReference; lastKnownFileType = file.storyboard; name = Base; path = Base.lproj/LaunchScreen.storyboard; sourceTree = "<group>"; };
		0370DF1F278229BB00E024DA /* SCNNode+Debug.swift */ = {isa = PBXFileReference; lastKnownFileType = sourcecode.swift; path = "SCNNode+Debug.swift"; sourceTree = "<group>"; };
		0370DF2B27822D5600E024DA /* SCNBoundingVolume+Debug.swift */ = {isa = PBXFileReference; fileEncoding = 4; lastKnownFileType = sourcecode.swift; path = "SCNBoundingVolume+Debug.swift"; sourceTree = "<group>"; };
/* End PBXFileReference section */

/* Begin PBXFrameworksBuildPhase section */
		0370DF0527806CFA00E024DA /* Frameworks */ = {
			isa = PBXFrameworksBuildPhase;
			buildActionMask = 2147483647;
			files = (
			);
			runOnlyForDeploymentPostprocessing = 0;
		};
/* End PBXFrameworksBuildPhase section */

/* Begin PBXGroup section */
		0370DEFF27806CFA00E024DA = {
			isa = PBXGroup;
			children = (
				0370DF0A27806CFA00E024DA /* DebuggingInARKit */,
				0370DF0927806CFA00E024DA /* Products */,
			);
			sourceTree = "<group>";
		};
		0370DF0927806CFA00E024DA /* Products */ = {
			isa = PBXGroup;
			children = (
				0370DF0827806CFA00E024DA /* DebuggingInARKit.app */,
			);
			name = Products;
			sourceTree = "<group>";
		};
		0370DF0A27806CFA00E024DA /* DebuggingInARKit */ = {
			isa = PBXGroup;
			children = (
				0370DF1E2782296E00E024DA /* Extensions */,
				0370DF0B27806CFA00E024DA /* AppDelegate.swift */,
				0370DF0D27806CFA00E024DA /* art.scnassets */,
				0370DF0F27806CFA00E024DA /* SceneKitViewController.swift */,
				036265A027890E480015303A /* SelectorViewController.swift */,
				036265A227890E670015303A /* ARKitViewController.swift */,
				0370DF1427806CFD00E024DA /* Assets.xcassets */,
				0370DF1627806CFD00E024DA /* LaunchScreen.storyboard */,
			);
			path = DebuggingInARKit;
			sourceTree = "<group>";
		};
		0370DF1E2782296E00E024DA /* Extensions */ = {
			isa = PBXGroup;
			children = (
				0370DF2B27822D5600E024DA /* SCNBoundingVolume+Debug.swift */,
				0370DF1F278229BB00E024DA /* SCNNode+Debug.swift */,
			);
			path = Extensions;
			sourceTree = "<group>";
		};
/* End PBXGroup section */

/* Begin PBXNativeTarget section */
		0370DF0727806CFA00E024DA /* DebuggingInARKit */ = {
			isa = PBXNativeTarget;
			buildConfigurationList = 0370DF1B27806CFD00E024DA /* Build configuration list for PBXNativeTarget "DebuggingInARKit" */;
			buildPhases = (
				0370DF0427806CFA00E024DA /* Sources */,
				0370DF0527806CFA00E024DA /* Frameworks */,
				0370DF0627806CFA00E024DA /* Resources */,
			);
			buildRules = (
			);
			dependencies = (
			);
			name = DebuggingInARKit;
			productName = DebuggingInARKit;
			productReference = 0370DF0827806CFA00E024DA /* DebuggingInARKit.app */;
			productType = "com.apple.product-type.application";
		};
/* End PBXNativeTarget section */

/* Begin PBXProject section */
		0370DF0027806CFA00E024DA /* Project object */ = {
			isa = PBXProject;
			attributes = {
				BuildIndependentTargetsInParallel = 1;
				LastSwiftUpdateCheck = 1320;
				LastUpgradeCheck = 1320;
				TargetAttributes = {
					0370DF0727806CFA00E024DA = {
						CreatedOnToolsVersion = 13.2.1;
					};
				};
			};
			buildConfigurationList = 0370DF0327806CFA00E024DA /* Build configuration list for PBXProject "DebuggingInARKit" */;
			compatibilityVersion = "Xcode 13.0";
			developmentRegion = en;
			hasScannedForEncodings = 0;
			knownRegions = (
				en,
				Base,
			);
			mainGroup = 0370DEFF27806CFA00E024DA;
			productRefGroup = 0370DF0927806CFA00E024DA /* Products */;
			projectDirPath = "";
			projectRoot = "";
			targets = (
				0370DF0727806CFA00E024DA /* DebuggingInARKit */,
			);
		};
/* End PBXProject section */

/* Begin PBXResourcesBuildPhase section */
		0370DF0627806CFA00E024DA /* Resources */ = {
			isa = PBXResourcesBuildPhase;
			buildActionMask = 2147483647;
			files = (
				0370DF0E27806CFA00E024DA /* art.scnassets in Resources */,
				0370DF1827806CFD00E024DA /* LaunchScreen.storyboard in Resources */,
				0370DF1527806CFD00E024DA /* Assets.xcassets in Resources */,
			);
			runOnlyForDeploymentPostprocessing = 0;
		};
/* End PBXResourcesBuildPhase section */

/* Begin PBXSourcesBuildPhase section */
		0370DF0427806CFA00E024DA /* Sources */ = {
			isa = PBXSourcesBuildPhase;
			buildActionMask = 2147483647;
			files = (
				036265A327890E670015303A /* ARKitViewController.swift in Sources */,
				0370DF20278229BB00E024DA /* SCNNode+Debug.swift in Sources */,
				0370DF1027806CFA00E024DA /* SceneKitViewController.swift in Sources */,
				0370DF0C27806CFA00E024DA /* AppDelegate.swift in Sources */,
				0370DF3127822D5700E024DA /* SCNBoundingVolume+Debug.swift in Sources */,
				036265A127890E490015303A /* SelectorViewController.swift in Sources */,
			);
			runOnlyForDeploymentPostprocessing = 0;
		};
/* End PBXSourcesBuildPhase section */

/* Begin PBXVariantGroup section */
		0370DF1627806CFD00E024DA /* LaunchScreen.storyboard */ = {
			isa = PBXVariantGroup;
			children = (
				0370DF1727806CFD00E024DA /* Base */,
			);
			name = LaunchScreen.storyboard;
			sourceTree = "<group>";
		};
/* End PBXVariantGroup section */

/* Begin XCBuildConfiguration section */
		0370DF1927806CFD00E024DA /* Debug */ = {
			isa = XCBuildConfiguration;
			buildSettings = {
				ALWAYS_SEARCH_USER_PATHS = NO;
				CLANG_ANALYZER_NONNULL = YES;
				CLANG_ANALYZER_NUMBER_OBJECT_CONVERSION = YES_AGGRESSIVE;
				CLANG_CXX_LANGUAGE_STANDARD = "gnu++17";
				CLANG_CXX_LIBRARY = "libc++";
				CLANG_ENABLE_MODULES = YES;
				CLANG_ENABLE_OBJC_ARC = YES;
				CLANG_ENABLE_OBJC_WEAK = YES;
				CLANG_WARN_BLOCK_CAPTURE_AUTORELEASING = YES;
				CLANG_WARN_BOOL_CONVERSION = YES;
				CLANG_WARN_COMMA = YES;
				CLANG_WARN_CONSTANT_CONVERSION = YES;
				CLANG_WARN_DEPRECATED_OBJC_IMPLEMENTATIONS = YES;
				CLANG_WARN_DIRECT_OBJC_ISA_USAGE = YES_ERROR;
				CLANG_WARN_DOCUMENTATION_COMMENTS = YES;
				CLANG_WARN_EMPTY_BODY = YES;
				CLANG_WARN_ENUM_CONVERSION = YES;
				CLANG_WARN_INFINITE_RECURSION = YES;
				CLANG_WARN_INT_CONVERSION = YES;
				CLANG_WARN_NON_LITERAL_NULL_CONVERSION = YES;
				CLANG_WARN_OBJC_IMPLICIT_RETAIN_SELF = YES;
				CLANG_WARN_OBJC_LITERAL_CONVERSION = YES;
				CLANG_WARN_OBJC_ROOT_CLASS = YES_ERROR;
				CLANG_WARN_QUOTED_INCLUDE_IN_FRAMEWORK_HEADER = YES;
				CLANG_WARN_RANGE_LOOP_ANALYSIS = YES;
				CLANG_WARN_STRICT_PROTOTYPES = YES;
				CLANG_WARN_SUSPICIOUS_MOVE = YES;
				CLANG_WARN_UNGUARDED_AVAILABILITY = YES_AGGRESSIVE;
				CLANG_WARN_UNREACHABLE_CODE = YES;
				CLANG_WARN__DUPLICATE_METHOD_MATCH = YES;
				COPY_PHASE_STRIP = NO;
				DEBUG_INFORMATION_FORMAT = dwarf;
				ENABLE_STRICT_OBJC_MSGSEND = YES;
				ENABLE_TESTABILITY = YES;
				GCC_C_LANGUAGE_STANDARD = gnu11;
				GCC_DYNAMIC_NO_PIC = NO;
				GCC_NO_COMMON_BLOCKS = YES;
				GCC_OPTIMIZATION_LEVEL = 0;
				GCC_PREPROCESSOR_DEFINITIONS = (
					"DEBUG=1",
					"$(inherited)",
				);
				GCC_WARN_64_TO_32_BIT_CONVERSION = YES;
				GCC_WARN_ABOUT_RETURN_TYPE = YES_ERROR;
				GCC_WARN_UNDECLARED_SELECTOR = YES;
				GCC_WARN_UNINITIALIZED_AUTOS = YES_AGGRESSIVE;
				GCC_WARN_UNUSED_FUNCTION = YES;
				GCC_WARN_UNUSED_VARIABLE = YES;
				IPHONEOS_DEPLOYMENT_TARGET = 15.2;
				MTL_ENABLE_DEBUG_INFO = INCLUDE_SOURCE;
				MTL_FAST_MATH = YES;
				ONLY_ACTIVE_ARCH = YES;
				SDKROOT = iphoneos;
				SWIFT_ACTIVE_COMPILATION_CONDITIONS = DEBUG;
				SWIFT_OPTIMIZATION_LEVEL = "-Onone";
			};
			name = Debug;
		};
		0370DF1A27806CFD00E024DA /* Release */ = {
			isa = XCBuildConfiguration;
			buildSettings = {
				ALWAYS_SEARCH_USER_PATHS = NO;
				CLANG_ANALYZER_NONNULL = YES;
				CLANG_ANALYZER_NUMBER_OBJECT_CONVERSION = YES_AGGRESSIVE;
				CLANG_CXX_LANGUAGE_STANDARD = "gnu++17";
				CLANG_CXX_LIBRARY = "libc++";
				CLANG_ENABLE_MODULES = YES;
				CLANG_ENABLE_OBJC_ARC = YES;
				CLANG_ENABLE_OBJC_WEAK = YES;
				CLANG_WARN_BLOCK_CAPTURE_AUTORELEASING = YES;
				CLANG_WARN_BOOL_CONVERSION = YES;
				CLANG_WARN_COMMA = YES;
				CLANG_WARN_CONSTANT_CONVERSION = YES;
				CLANG_WARN_DEPRECATED_OBJC_IMPLEMENTATIONS = YES;
				CLANG_WARN_DIRECT_OBJC_ISA_USAGE = YES_ERROR;
				CLANG_WARN_DOCUMENTATION_COMMENTS = YES;
				CLANG_WARN_EMPTY_BODY = YES;
				CLANG_WARN_ENUM_CONVERSION = YES;
				CLANG_WARN_INFINITE_RECURSION = YES;
				CLANG_WARN_INT_CONVERSION = YES;
				CLANG_WARN_NON_LITERAL_NULL_CONVERSION = YES;
				CLANG_WARN_OBJC_IMPLICIT_RETAIN_SELF = YES;
				CLANG_WARN_OBJC_LITERAL_CONVERSION = YES;
				CLANG_WARN_OBJC_ROOT_CLASS = YES_ERROR;
				CLANG_WARN_QUOTED_INCLUDE_IN_FRAMEWORK_HEADER = YES;
				CLANG_WARN_RANGE_LOOP_ANALYSIS = YES;
				CLANG_WARN_STRICT_PROTOTYPES = YES;
				CLANG_WARN_SUSPICIOUS_MOVE = YES;
				CLANG_WARN_UNGUARDED_AVAILABILITY = YES_AGGRESSIVE;
				CLANG_WARN_UNREACHABLE_CODE = YES;
				CLANG_WARN__DUPLICATE_METHOD_MATCH = YES;
				COPY_PHASE_STRIP = NO;
				DEBUG_INFORMATION_FORMAT = "dwarf-with-dsym";
				ENABLE_NS_ASSERTIONS = NO;
				ENABLE_STRICT_OBJC_MSGSEND = YES;
				GCC_C_LANGUAGE_STANDARD = gnu11;
				GCC_NO_COMMON_BLOCKS = YES;
				GCC_WARN_64_TO_32_BIT_CONVERSION = YES;
				GCC_WARN_ABOUT_RETURN_TYPE = YES_ERROR;
				GCC_WARN_UNDECLARED_SELECTOR = YES;
				GCC_WARN_UNINITIALIZED_AUTOS = YES_AGGRESSIVE;
				GCC_WARN_UNUSED_FUNCTION = YES;
				GCC_WARN_UNUSED_VARIABLE = YES;
				IPHONEOS_DEPLOYMENT_TARGET = 15.2;
				MTL_ENABLE_DEBUG_INFO = NO;
				MTL_FAST_MATH = YES;
				SDKROOT = iphoneos;
				SWIFT_COMPILATION_MODE = wholemodule;
				SWIFT_OPTIMIZATION_LEVEL = "-O";
				VALIDATE_PRODUCT = YES;
			};
			name = Release;
		};
		0370DF1C27806CFD00E024DA /* Debug */ = {
			isa = XCBuildConfiguration;
			buildSettings = {
				ASSETCATALOG_COMPILER_APPICON_NAME = AppIcon;
				ASSETCATALOG_COMPILER_GLOBAL_ACCENT_COLOR_NAME = AccentColor;
				CODE_SIGN_STYLE = Automatic;
				CURRENT_PROJECT_VERSION = 1;
				DEVELOPMENT_TEAM = U2R7L8UDDV;
				GENERATE_INFOPLIST_FILE = YES;
				INFOPLIST_KEY_NSCameraUsageDescription = "";
				INFOPLIST_KEY_UIApplicationSupportsIndirectInputEvents = YES;
				INFOPLIST_KEY_UILaunchStoryboardName = LaunchScreen;
				INFOPLIST_KEY_UIMainStoryboardFile = "";
				INFOPLIST_KEY_UIRequiredDeviceCapabilities = arkit;
				INFOPLIST_KEY_UIStatusBarHidden = YES;
				INFOPLIST_KEY_UISupportedInterfaceOrientations_iPad = "UIInterfaceOrientationPortrait UIInterfaceOrientationPortraitUpsideDown UIInterfaceOrientationLandscapeLeft UIInterfaceOrientationLandscapeRight";
				INFOPLIST_KEY_UISupportedInterfaceOrientations_iPhone = "UIInterfaceOrientationPortrait UIInterfaceOrientationLandscapeLeft UIInterfaceOrientationLandscapeRight";
				IPHONEOS_DEPLOYMENT_TARGET = 15.0;
				LD_RUNPATH_SEARCH_PATHS = (
					"$(inherited)",
					"@executable_path/Frameworks",
				);
				MARKETING_VERSION = 1.0;
				PRODUCT_BUNDLE_IDENTIFIER = com.arbyswift.DebuggingInARKit;
				PRODUCT_NAME = "$(TARGET_NAME)";
				SWIFT_EMIT_LOC_STRINGS = YES;
				SWIFT_VERSION = 5.0;
				TARGETED_DEVICE_FAMILY = "1,2";
			};
			name = Debug;
		};
		0370DF1D27806CFD00E024DA /* Release */ = {
			isa = XCBuildConfiguration;
			buildSettings = {
				ASSETCATALOG_COMPILER_APPICON_NAME = AppIcon;
				ASSETCATALOG_COMPILER_GLOBAL_ACCENT_COLOR_NAME = AccentColor;
				CODE_SIGN_STYLE = Automatic;
				CURRENT_PROJECT_VERSION = 1;
				DEVELOPMENT_TEAM = U2R7L8UDDV;
				GENERATE_INFOPLIST_FILE = YES;
				INFOPLIST_KEY_NSCameraUsageDescription = "";
				INFOPLIST_KEY_UIApplicationSupportsIndirectInputEvents = YES;
				INFOPLIST_KEY_UILaunchStoryboardName = LaunchScreen;
				INFOPLIST_KEY_UIMainStoryboardFile = "";
				INFOPLIST_KEY_UIRequiredDeviceCapabilities = arkit;
				INFOPLIST_KEY_UIStatusBarHidden = YES;
				INFOPLIST_KEY_UISupportedInterfaceOrientations_iPad = "UIInterfaceOrientationPortrait UIInterfaceOrientationPortraitUpsideDown UIInterfaceOrientationLandscapeLeft UIInterfaceOrientationLandscapeRight";
				INFOPLIST_KEY_UISupportedInterfaceOrientations_iPhone = "UIInterfaceOrientationPortrait UIInterfaceOrientationLandscapeLeft UIInterfaceOrientationLandscapeRight";
				IPHONEOS_DEPLOYMENT_TARGET = 15.0;
				LD_RUNPATH_SEARCH_PATHS = (
					"$(inherited)",
					"@executable_path/Frameworks",
				);
				MARKETING_VERSION = 1.0;
				PRODUCT_BUNDLE_IDENTIFIER = com.arbyswift.DebuggingInARKit;
				PRODUCT_NAME = "$(TARGET_NAME)";
				SWIFT_EMIT_LOC_STRINGS = YES;
				SWIFT_VERSION = 5.0;
				TARGETED_DEVICE_FAMILY = "1,2";
			};
			name = Release;
		};
/* End XCBuildConfiguration section */

/* Begin XCConfigurationList section */
		0370DF0327806CFA00E024DA /* Build configuration list for PBXProject "DebuggingInARKit" */ = {
			isa = XCConfigurationList;
			buildConfigurations = (
				0370DF1927806CFD00E024DA /* Debug */,
				0370DF1A27806CFD00E024DA /* Release */,
			);
			defaultConfigurationIsVisible = 0;
			defaultConfigurationName = Release;
		};
		0370DF1B27806CFD00E024DA /* Build configuration list for PBXNativeTarget "DebuggingInARKit" */ = {
			isa = XCConfigurationList;
			buildConfigurations = (
				0370DF1C27806CFD00E024DA /* Debug */,
				0370DF1D27806CFD00E024DA /* Release */,
			);
			defaultConfigurationIsVisible = 0;
			defaultConfigurationName = Release;
		};
/* End XCConfigurationList section */
	};
	rootObject = 0370DF0027806CFA00E024DA /* Project object */;
}
